
Microsoft Visual Studio Solution File, Format Version 12.00
# Visual Studio Version 17
VisualStudioVersion = 17.5.33627.172
MinimumVisualStudioVersion = 10.0.40219.1
Project("{FAE04EC0-301F-11D3-BF4B-00C04F79EFBC}") = "Namedays", "Namedays\Namedays.csproj", "{43CBDEB6-45FE-464B-A620-F54F08A5C70E}"
EndProject
Project("{FAE04EC0-301F-11D3-BF4B-00C04F79EFBC}") = "ViewerConsoleApp", "ViewerConsoleApp\ViewerConsoleApp.csproj", "{D451C611-FF2F-4D25-85FE-EDA09A66AF9E}"
EndProject
Project("{FAE04EC0-301F-11D3-BF4B-00C04F79EFBC}") = "EditorGuiApp", "EditorGuiApp\EditorGuiApp.csproj", "{27428243-CBFB-40C0-AAB6-DDD6E1A84647}"
EndProject
Global
	GlobalSection(SolutionConfigurationPlatforms) = preSolution
		Debug|Any CPU = Debug|Any CPU
		Release|Any CPU = Release|Any CPU
	EndGlobalSection
	GlobalSection(ProjectConfigurationPlatforms) = postSolution
		{43CBDEB6-45FE-464B-A620-F54F08A5C70E}.Debug|Any CPU.ActiveCfg = Debug|Any CPU
		{43CBDEB6-45FE-464B-A620-F54F08A5C70E}.Debug|Any CPU.Build.0 = Debug|Any CPU
		{43CBDEB6-45FE-464B-A620-F54F08A5C70E}.Release|Any CPU.ActiveCfg = Release|Any CPU
		{43CBDEB6-45FE-464B-A620-F54F08A5C70E}.Release|Any CPU.Build.0 = Release|Any CPU
		{D451C611-FF2F-4D25-85FE-EDA09A66AF9E}.Debug|Any CPU.ActiveCfg = Debug|Any CPU
		{D451C611-FF2F-4D25-85FE-EDA09A66AF9E}.Debug|Any CPU.Build.0 = Debug|Any CPU
		{D451C611-FF2F-4D25-85FE-EDA09A66AF9E}.Release|Any CPU.ActiveCfg = Release|Any CPU
		{D451C611-FF2F-4D25-85FE-EDA09A66AF9E}.Release|Any CPU.Build.0 = Release|Any CPU
		{27428243-CBFB-40C0-AAB6-DDD6E1A84647}.Debug|Any CPU.ActiveCfg = Debug|Any CPU
		{27428243-CBFB-40C0-AAB6-DDD6E1A84647}.Debug|Any CPU.Build.0 = Debug|Any CPU
		{27428243-CBFB-40C0-AAB6-DDD6E1A84647}.Release|Any CPU.ActiveCfg = Release|Any CPU
		{27428243-CBFB-40C0-AAB6-DDD6E1A84647}.Release|Any CPU.Build.0 = Release|Any CPU
	EndGlobalSection
	GlobalSection(SolutionProperties) = preSolution
		HideSolutionNode = FALSE
	EndGlobalSection
	GlobalSection(ExtensibilityGlobals) = postSolution
		SolutionGuid = {24E17ED3-DC76-4994-A5CD-800CDFB15457}
	EndGlobalSection
EndGlobal
